
Microsoft Visual Studio Solution File, Format Version 12.00
# Visual Studio 15
VisualStudioVersion = 15.0.27130.2010
MinimumVisualStudioVersion = 10.0.40219.1
Project("{8BC9CEB8-8B4A-11D0-8D11-00A0C91BC942}") = "pat_a_1046", "pat_a_1046\pat_a_1046.vcxproj", "{22F71699-CC16-47A6-88B0-50C85035EB3C}"
EndProject
Global
	GlobalSection(SolutionConfigurationPlatforms) = preSolution
		Debug|x64 = Debug|x64
		Debug|x86 = Debug|x86
		Release|x64 = Release|x64
		Release|x86 = Release|x86
	EndGlobalSection
	GlobalSection(ProjectConfigurationPlatforms) = postSolution
		{22F71699-CC16-47A6-88B0-50C85035EB3C}.Debug|x64.ActiveCfg = Debug|x64
		{22F71699-CC16-47A6-88B0-50C85035EB3C}.Debug|x64.Build.0 = Debug|x64
		{22F71699-CC16-47A6-88B0-50C85035EB3C}.Debug|x86.ActiveCfg = Debug|Win32
		{22F71699-CC16-47A6-88B0-50C85035EB3C}.Debug|x86.Build.0 = Debug|Win32
		{22F71699-CC16-47A6-88B0-50C85035EB3C}.Release|x64.ActiveCfg = Release|x64
		{22F71699-CC16-47A6-88B0-50C85035EB3C}.Release|x64.Build.0 = Release|x64
		{22F71699-CC16-47A6-88B0-50C85035EB3C}.Release|x86.ActiveCfg = Release|Win32
		{22F71699-CC16-47A6-88B0-50C85035EB3C}.Release|x86.Build.0 = Release|Win32
	EndGlobalSection
	GlobalSection(SolutionProperties) = preSolution
		HideSolutionNode = FALSE
	EndGlobalSection
	GlobalSection(ExtensibilityGlobals) = postSolution
		SolutionGuid = {31E6F461-809A-4787-A299-C748D72B1504}
	EndGlobalSection
EndGlobal
