
Microsoft Visual Studio Solution File, Format Version 10.00
# Visual Studio 2008
Project("{8BC9CEB8-8B4A-11D0-8D11-00A0C91BC942}") = "sjtu_2017_2", "sjtu_2017_2\sjtu_2017_2.vcproj", "{AB135B9E-4F4F-4DEB-B8FC-D6EE55970553}"
EndProject
Global
	GlobalSection(SolutionConfigurationPlatforms) = preSolution
		Debug|Win32 = Debug|Win32
		Release|Win32 = Release|Win32
	EndGlobalSection
	GlobalSection(ProjectConfigurationPlatforms) = postSolution
		{AB135B9E-4F4F-4DEB-B8FC-D6EE55970553}.Debug|Win32.ActiveCfg = Debug|Win32
		{AB135B9E-4F4F-4DEB-B8FC-D6EE55970553}.Debug|Win32.Build.0 = Debug|Win32
		{AB135B9E-4F4F-4DEB-B8FC-D6EE55970553}.Release|Win32.ActiveCfg = Release|Win32
		{AB135B9E-4F4F-4DEB-B8FC-D6EE55970553}.Release|Win32.Build.0 = Release|Win32
	EndGlobalSection
	GlobalSection(SolutionProperties) = preSolution
		HideSolutionNode = FALSE
	EndGlobalSection
EndGlobal
