
Microsoft Visual Studio Solution File, Format Version 12.00
# Visual Studio 15
VisualStudioVersion = 15.0.27130.2010
MinimumVisualStudioVersion = 10.0.40219.1
Project("{8BC9CEB8-8B4A-11D0-8D11-00A0C91BC942}") = "digit_revert", "digit_revert\digit_revert.vcxproj", "{912AEE6F-C7A8-4A6E-A0A3-1E5A0B4040FD}"
EndProject
Global
	GlobalSection(SolutionConfigurationPlatforms) = preSolution
		Debug|x64 = Debug|x64
		Debug|x86 = Debug|x86
		Release|x64 = Release|x64
		Release|x86 = Release|x86
	EndGlobalSection
	GlobalSection(ProjectConfigurationPlatforms) = postSolution
		{912AEE6F-C7A8-4A6E-A0A3-1E5A0B4040FD}.Debug|x64.ActiveCfg = Debug|x64
		{912AEE6F-C7A8-4A6E-A0A3-1E5A0B4040FD}.Debug|x64.Build.0 = Debug|x64
		{912AEE6F-C7A8-4A6E-A0A3-1E5A0B4040FD}.Debug|x86.ActiveCfg = Debug|Win32
		{912AEE6F-C7A8-4A6E-A0A3-1E5A0B4040FD}.Debug|x86.Build.0 = Debug|Win32
		{912AEE6F-C7A8-4A6E-A0A3-1E5A0B4040FD}.Release|x64.ActiveCfg = Release|x64
		{912AEE6F-C7A8-4A6E-A0A3-1E5A0B4040FD}.Release|x64.Build.0 = Release|x64
		{912AEE6F-C7A8-4A6E-A0A3-1E5A0B4040FD}.Release|x86.ActiveCfg = Release|Win32
		{912AEE6F-C7A8-4A6E-A0A3-1E5A0B4040FD}.Release|x86.Build.0 = Release|Win32
	EndGlobalSection
	GlobalSection(SolutionProperties) = preSolution
		HideSolutionNode = FALSE
	EndGlobalSection
	GlobalSection(ExtensibilityGlobals) = postSolution
		SolutionGuid = {74C75906-4D38-474B-8FF3-20B1AEA591AB}
	EndGlobalSection
EndGlobal
