
Microsoft Visual Studio Solution File, Format Version 12.00
# Visual Studio 15
VisualStudioVersion = 15.0.27130.2010
MinimumVisualStudioVersion = 10.0.40219.1
Project("{8BC9CEB8-8B4A-11D0-8D11-00A0C91BC942}") = "pat_a_1102", "pat_a_1102\pat_a_1102.vcxproj", "{00C568B3-5DE6-475B-BF95-B489BFC097BD}"
EndProject
Global
	GlobalSection(SolutionConfigurationPlatforms) = preSolution
		Debug|x64 = Debug|x64
		Debug|x86 = Debug|x86
		Release|x64 = Release|x64
		Release|x86 = Release|x86
	EndGlobalSection
	GlobalSection(ProjectConfigurationPlatforms) = postSolution
		{00C568B3-5DE6-475B-BF95-B489BFC097BD}.Debug|x64.ActiveCfg = Debug|x64
		{00C568B3-5DE6-475B-BF95-B489BFC097BD}.Debug|x64.Build.0 = Debug|x64
		{00C568B3-5DE6-475B-BF95-B489BFC097BD}.Debug|x86.ActiveCfg = Debug|Win32
		{00C568B3-5DE6-475B-BF95-B489BFC097BD}.Debug|x86.Build.0 = Debug|Win32
		{00C568B3-5DE6-475B-BF95-B489BFC097BD}.Release|x64.ActiveCfg = Release|x64
		{00C568B3-5DE6-475B-BF95-B489BFC097BD}.Release|x64.Build.0 = Release|x64
		{00C568B3-5DE6-475B-BF95-B489BFC097BD}.Release|x86.ActiveCfg = Release|Win32
		{00C568B3-5DE6-475B-BF95-B489BFC097BD}.Release|x86.Build.0 = Release|Win32
	EndGlobalSection
	GlobalSection(SolutionProperties) = preSolution
		HideSolutionNode = FALSE
	EndGlobalSection
	GlobalSection(ExtensibilityGlobals) = postSolution
		SolutionGuid = {53A2115C-2AE3-44EB-85B0-E570FC39F9FB}
	EndGlobalSection
EndGlobal
